<Solution>
  <Project Path="Assembly-CSharp-firstpass.csproj" />
  <Project Path="Assembly-CSharp-Editor-firstpass.csproj" />
  <Project Path="URPGlitch.csproj" />
  <Project Path="Assembly-CSharp.csproj" />
  <Project Path="Assembly-CSharp-Editor.csproj" />
  <Project Path="Cyanilux.BlitRenderFeature.csproj" />
  <Project Path="Cyanilux.BlitRenderFeature.Editor.csproj" />
</Solution>
